
Microsoft Visual Studio Solution File, Format Version 12.00
# Visual Studio Version 16
VisualStudioVersion = 16.0.31729.503
MinimumVisualStudioVersion = 10.0.40219.1
Project("{FAE04EC0-301F-11D3-BF4B-00C04F79EFBC}") = "delegaty", "delegaty.csproj", "{93D64BBB-3508-4F41-8D21-583BAEAD6779}"
EndProject
Global
	GlobalSection(SolutionConfigurationPlatforms) = preSolution
		Debug|Any CPU = Debug|Any CPU
		Release|Any CPU = Release|Any CPU
	EndGlobalSection
	GlobalSection(ProjectConfigurationPlatforms) = postSolution
		{93D64BBB-3508-4F41-8D21-583BAEAD6779}.Debug|Any CPU.ActiveCfg = Debug|Any CPU
		{93D64BBB-3508-4F41-8D21-583BAEAD6779}.Debug|Any CPU.Build.0 = Debug|Any CPU
		{93D64BBB-3508-4F41-8D21-583BAEAD6779}.Release|Any CPU.ActiveCfg = Release|Any CPU
		{93D64BBB-3508-4F41-8D21-583BAEAD6779}.Release|Any CPU.Build.0 = Release|Any CPU
	EndGlobalSection
	GlobalSection(SolutionProperties) = preSolution
		HideSolutionNode = FALSE
	EndGlobalSection
	GlobalSection(ExtensibilityGlobals) = postSolution
		SolutionGuid = {F33D0CA0-9778-4ECB-90CD-7806EB463FA6}
	EndGlobalSection
EndGlobal
